
Microsoft Visual Studio Solution File, Format Version 12.00
# Visual Studio Version 16
VisualStudioVersion = 16.0.28803.452
MinimumVisualStudioVersion = 10.0.40219.1
Project("{9A19103F-16F7-4668-BE54-9A1E7A4F7556}") = "Library.API", "Library.API\Library.API.csproj", "{43A3D751-B5A8-44EA-98E1-0AD5D2CE614F}"
EndProject
Global
	GlobalSection(SolutionConfigurationPlatforms) = preSolution
		Debug|Any CPU = Debug|Any CPU
		Release|Any CPU = Release|Any CPU
	EndGlobalSection
	GlobalSection(ProjectConfigurationPlatforms) = postSolution
		{43A3D751-B5A8-44EA-98E1-0AD5D2CE614F}.Debug|Any CPU.ActiveCfg = Debug|Any CPU
		{43A3D751-B5A8-44EA-98E1-0AD5D2CE614F}.Debug|Any CPU.Build.0 = Debug|Any CPU
		{43A3D751-B5A8-44EA-98E1-0AD5D2CE614F}.Release|Any CPU.ActiveCfg = Release|Any CPU
		{43A3D751-B5A8-44EA-98E1-0AD5D2CE614F}.Release|Any CPU.Build.0 = Release|Any CPU
	EndGlobalSection
	GlobalSection(SolutionProperties) = preSolution
		HideSolutionNode = FALSE
	EndGlobalSection
	GlobalSection(ExtensibilityGlobals) = postSolution
		SolutionGuid = {52205F72-CA64-4886-BB6F-E877C01EA2FB}
	EndGlobalSection
EndGlobal
